
Microsoft Visual Studio Solution File, Format Version 12.00
# Visual Studio Version 16
VisualStudioVersion = 16.0.29709.97
MinimumVisualStudioVersion = 10.0.40219.1
Project("{FAE04EC0-301F-11D3-BF4B-00C04F79EFBC}") = "UBER1.0", "UBER1.0\UBER1.0.csproj", "{B2AA1C60-CDA0-4F51-8E67-FD9B45F6EF48}"
EndProject
Global
	GlobalSection(SolutionConfigurationPlatforms) = preSolution
		Debug|Any CPU = Debug|Any CPU
		Release|Any CPU = Release|Any CPU
	EndGlobalSection
	GlobalSection(ProjectConfigurationPlatforms) = postSolution
		{B2AA1C60-CDA0-4F51-8E67-FD9B45F6EF48}.Debug|Any CPU.ActiveCfg = Debug|Any CPU
		{B2AA1C60-CDA0-4F51-8E67-FD9B45F6EF48}.Debug|Any CPU.Build.0 = Debug|Any CPU
		{B2AA1C60-CDA0-4F51-8E67-FD9B45F6EF48}.Debug|Any CPU.Deploy.0 = Debug|Any CPU
		{B2AA1C60-CDA0-4F51-8E67-FD9B45F6EF48}.Release|Any CPU.ActiveCfg = Release|Any CPU
		{B2AA1C60-CDA0-4F51-8E67-FD9B45F6EF48}.Release|Any CPU.Build.0 = Release|Any CPU
		{B2AA1C60-CDA0-4F51-8E67-FD9B45F6EF48}.Release|Any CPU.Deploy.0 = Release|Any CPU
	EndGlobalSection
	GlobalSection(SolutionProperties) = preSolution
		HideSolutionNode = FALSE
	EndGlobalSection
	GlobalSection(ExtensibilityGlobals) = postSolution
		SolutionGuid = {FB258A56-281C-4E48-94C5-C1A8DC24B135}
	EndGlobalSection
EndGlobal
